
Microsoft Visual Studio Solution File, Format Version 12.00
# Visual Studio Version 16
VisualStudioVersion = 16.0.29926.136
MinimumVisualStudioVersion = 10.0.40219.1
Project("{FAE04EC0-301F-11D3-BF4B-00C04F79EFBC}") = "ConsoleApp1", "ConsoleApp1\ConsoleApp1.csproj", "{9C5D10AD-3736-46E6-8210-14E55F89C9F5}"
EndProject
Global
	GlobalSection(SolutionConfigurationPlatforms) = preSolution
		Debug|Any CPU = Debug|Any CPU
		Release|Any CPU = Release|Any CPU
	EndGlobalSection
	GlobalSection(ProjectConfigurationPlatforms) = postSolution
		{9C5D10AD-3736-46E6-8210-14E55F89C9F5}.Debug|Any CPU.ActiveCfg = Debug|Any CPU
		{9C5D10AD-3736-46E6-8210-14E55F89C9F5}.Debug|Any CPU.Build.0 = Debug|Any CPU
		{9C5D10AD-3736-46E6-8210-14E55F89C9F5}.Release|Any CPU.ActiveCfg = Release|Any CPU
		{9C5D10AD-3736-46E6-8210-14E55F89C9F5}.Release|Any CPU.Build.0 = Release|Any CPU
	EndGlobalSection
	GlobalSection(SolutionProperties) = preSolution
		HideSolutionNode = FALSE
	EndGlobalSection
	GlobalSection(ExtensibilityGlobals) = postSolution
		SolutionGuid = {81E69775-165C-4623-9804-64E281F89346}
	EndGlobalSection
EndGlobal
