
Microsoft Visual Studio Solution File, Format Version 12.00
# Visual Studio Version 16
VisualStudioVersion = 16.0.29926.136
MinimumVisualStudioVersion = 10.0.40219.1
Project("{9A19103F-16F7-4668-BE54-9A1E7A4F7556}") = "Reminder.Storage", "Reminder.Storage\Reminder.Storage.csproj", "{736E2509-862F-4D8A-9102-C0F7211359A5}"
EndProject
Project("{9A19103F-16F7-4668-BE54-9A1E7A4F7556}") = "Reminder.Storage.Memory", "Reminder.Storage.Memory\Reminder.Storage.Memory.csproj", "{3E5ECB3F-A05B-44F1-8A77-24097DDA8616}"
EndProject
Project("{9A19103F-16F7-4668-BE54-9A1E7A4F7556}") = "Reminder.Storage.Memory.Tests", "Reminder.Storage.Memory.Tests\Reminder.Storage.Memory.Tests.csproj", "{DA30F47E-D840-4AE4-B775-65E2230F7B42}"
EndProject
Project("{9A19103F-16F7-4668-BE54-9A1E7A4F7556}") = "Reminder.Domain", "Reminder.Domain\Reminder.Domain.csproj", "{64F15F43-75DA-4305-8CD2-6C8FDE5B3EDB}"
EndProject
Project("{9A19103F-16F7-4668-BE54-9A1E7A4F7556}") = "Reminder.Storage.Tests", "Reminter.Storage.Tests\Reminder.Storage.Tests.csproj", "{F10A6F12-2027-42DE-A136-CD64E0709828}"
EndProject
Global
	GlobalSection(SolutionConfigurationPlatforms) = preSolution
		Debug|Any CPU = Debug|Any CPU
		Release|Any CPU = Release|Any CPU
	EndGlobalSection
	GlobalSection(ProjectConfigurationPlatforms) = postSolution
		{736E2509-862F-4D8A-9102-C0F7211359A5}.Debug|Any CPU.ActiveCfg = Debug|Any CPU
		{736E2509-862F-4D8A-9102-C0F7211359A5}.Debug|Any CPU.Build.0 = Debug|Any CPU
		{736E2509-862F-4D8A-9102-C0F7211359A5}.Release|Any CPU.ActiveCfg = Release|Any CPU
		{736E2509-862F-4D8A-9102-C0F7211359A5}.Release|Any CPU.Build.0 = Release|Any CPU
		{3E5ECB3F-A05B-44F1-8A77-24097DDA8616}.Debug|Any CPU.ActiveCfg = Debug|Any CPU
		{3E5ECB3F-A05B-44F1-8A77-24097DDA8616}.Debug|Any CPU.Build.0 = Debug|Any CPU
		{3E5ECB3F-A05B-44F1-8A77-24097DDA8616}.Release|Any CPU.ActiveCfg = Release|Any CPU
		{3E5ECB3F-A05B-44F1-8A77-24097DDA8616}.Release|Any CPU.Build.0 = Release|Any CPU
		{DA30F47E-D840-4AE4-B775-65E2230F7B42}.Debug|Any CPU.ActiveCfg = Debug|Any CPU
		{DA30F47E-D840-4AE4-B775-65E2230F7B42}.Debug|Any CPU.Build.0 = Debug|Any CPU
		{DA30F47E-D840-4AE4-B775-65E2230F7B42}.Release|Any CPU.ActiveCfg = Release|Any CPU
		{DA30F47E-D840-4AE4-B775-65E2230F7B42}.Release|Any CPU.Build.0 = Release|Any CPU
		{64F15F43-75DA-4305-8CD2-6C8FDE5B3EDB}.Debug|Any CPU.ActiveCfg = Debug|Any CPU
		{64F15F43-75DA-4305-8CD2-6C8FDE5B3EDB}.Debug|Any CPU.Build.0 = Debug|Any CPU
		{64F15F43-75DA-4305-8CD2-6C8FDE5B3EDB}.Release|Any CPU.ActiveCfg = Release|Any CPU
		{64F15F43-75DA-4305-8CD2-6C8FDE5B3EDB}.Release|Any CPU.Build.0 = Release|Any CPU
		{F10A6F12-2027-42DE-A136-CD64E0709828}.Debug|Any CPU.ActiveCfg = Debug|Any CPU
		{F10A6F12-2027-42DE-A136-CD64E0709828}.Debug|Any CPU.Build.0 = Debug|Any CPU
		{F10A6F12-2027-42DE-A136-CD64E0709828}.Release|Any CPU.ActiveCfg = Release|Any CPU
		{F10A6F12-2027-42DE-A136-CD64E0709828}.Release|Any CPU.Build.0 = Release|Any CPU
	EndGlobalSection
	GlobalSection(SolutionProperties) = preSolution
		HideSolutionNode = FALSE
	EndGlobalSection
	GlobalSection(ExtensibilityGlobals) = postSolution
		SolutionGuid = {07606CB5-74B8-4DFC-945A-25E6A8C01FAD}
	EndGlobalSection
EndGlobal
