
Microsoft Visual Studio Solution File, Format Version 12.00
# Visual Studio Version 16
VisualStudioVersion = 16.0.29926.136
MinimumVisualStudioVersion = 10.0.40219.1
Project("{FAE04EC0-301F-11D3-BF4B-00C04F79EFBC}") = "CW12", "CW12\CW12.csproj", "{010FF3BB-C4DD-4FE1-91DF-ABB4896EFF1D}"
EndProject
Global
	GlobalSection(SolutionConfigurationPlatforms) = preSolution
		Debug|Any CPU = Debug|Any CPU
		Release|Any CPU = Release|Any CPU
	EndGlobalSection
	GlobalSection(ProjectConfigurationPlatforms) = postSolution
		{010FF3BB-C4DD-4FE1-91DF-ABB4896EFF1D}.Debug|Any CPU.ActiveCfg = Debug|Any CPU
		{010FF3BB-C4DD-4FE1-91DF-ABB4896EFF1D}.Debug|Any CPU.Build.0 = Debug|Any CPU
		{010FF3BB-C4DD-4FE1-91DF-ABB4896EFF1D}.Release|Any CPU.ActiveCfg = Release|Any CPU
		{010FF3BB-C4DD-4FE1-91DF-ABB4896EFF1D}.Release|Any CPU.Build.0 = Release|Any CPU
	EndGlobalSection
	GlobalSection(SolutionProperties) = preSolution
		HideSolutionNode = FALSE
	EndGlobalSection
	GlobalSection(ExtensibilityGlobals) = postSolution
		SolutionGuid = {D245EB3B-DFFF-4EE4-A160-397FC8E2C79E}
	EndGlobalSection
EndGlobal
