
Microsoft Visual Studio Solution File, Format Version 12.00
# Visual Studio Version 16
VisualStudioVersion = 16.0.29926.136
MinimumVisualStudioVersion = 10.0.40219.1
Project("{FAE04EC0-301F-11D3-BF4B-00C04F79EFBC}") = "CW15", "CW15\CW15.csproj", "{D3CBA084-11CF-48EF-B0CF-341688208256}"
EndProject
Global
	GlobalSection(SolutionConfigurationPlatforms) = preSolution
		Debug|Any CPU = Debug|Any CPU
		Release|Any CPU = Release|Any CPU
	EndGlobalSection
	GlobalSection(ProjectConfigurationPlatforms) = postSolution
		{D3CBA084-11CF-48EF-B0CF-341688208256}.Debug|Any CPU.ActiveCfg = Debug|Any CPU
		{D3CBA084-11CF-48EF-B0CF-341688208256}.Debug|Any CPU.Build.0 = Debug|Any CPU
		{D3CBA084-11CF-48EF-B0CF-341688208256}.Release|Any CPU.ActiveCfg = Release|Any CPU
		{D3CBA084-11CF-48EF-B0CF-341688208256}.Release|Any CPU.Build.0 = Release|Any CPU
	EndGlobalSection
	GlobalSection(SolutionProperties) = preSolution
		HideSolutionNode = FALSE
	EndGlobalSection
	GlobalSection(ExtensibilityGlobals) = postSolution
		SolutionGuid = {3655878B-B575-469D-A33B-5BD3722BD7C4}
	EndGlobalSection
EndGlobal
