
Microsoft Visual Studio Solution File, Format Version 12.00
# Visual Studio Version 16
VisualStudioVersion = 16.0.29926.136
MinimumVisualStudioVersion = 10.0.40219.1
Project("{FAE04EC0-301F-11D3-BF4B-00C04F79EFBC}") = "HW7_2", "HW7_2\HW7_2.csproj", "{C5265CCA-A164-4E4C-A13D-B3AD0B2F088B}"
EndProject
Global
	GlobalSection(SolutionConfigurationPlatforms) = preSolution
		Debug|Any CPU = Debug|Any CPU
		Release|Any CPU = Release|Any CPU
	EndGlobalSection
	GlobalSection(ProjectConfigurationPlatforms) = postSolution
		{C5265CCA-A164-4E4C-A13D-B3AD0B2F088B}.Debug|Any CPU.ActiveCfg = Debug|Any CPU
		{C5265CCA-A164-4E4C-A13D-B3AD0B2F088B}.Debug|Any CPU.Build.0 = Debug|Any CPU
		{C5265CCA-A164-4E4C-A13D-B3AD0B2F088B}.Release|Any CPU.ActiveCfg = Release|Any CPU
		{C5265CCA-A164-4E4C-A13D-B3AD0B2F088B}.Release|Any CPU.Build.0 = Release|Any CPU
	EndGlobalSection
	GlobalSection(SolutionProperties) = preSolution
		HideSolutionNode = FALSE
	EndGlobalSection
	GlobalSection(ExtensibilityGlobals) = postSolution
		SolutionGuid = {013CA042-3F83-461A-8380-69088CCCD1D5}
	EndGlobalSection
EndGlobal
