
Microsoft Visual Studio Solution File, Format Version 12.00
# Visual Studio Version 16
VisualStudioVersion = 16.0.29926.136
MinimumVisualStudioVersion = 10.0.40219.1
Project("{9A19103F-16F7-4668-BE54-9A1E7A4F7556}") = "Reminder.Storage", "Reminder.Storage\Reminder.Storage.csproj", "{96D6E4CD-5168-48F5-8549-DA7EC4E3591E}"
EndProject
Project("{9A19103F-16F7-4668-BE54-9A1E7A4F7556}") = "Reminder.Storage.Memory", "Reminder.Storage.Memory\Reminder.Storage.Memory.csproj", "{68419631-235B-4525-971F-F52759FC6E60}"
EndProject
Project("{9A19103F-16F7-4668-BE54-9A1E7A4F7556}") = "Reminder.Storage.Memory.Tests", "Reminder.Storage.Memory.Tests\Reminder.Storage.Memory.Tests.csproj", "{59FCCC80-CC37-462E-92A8-7F41663784AB}"
EndProject
Project("{9A19103F-16F7-4668-BE54-9A1E7A4F7556}") = "Reminder.Domain", "Reminder.Domain\Reminder.Domain.csproj", "{48A7D780-80F4-494A-936A-FF35A1688C46}"
EndProject
Project("{9A19103F-16F7-4668-BE54-9A1E7A4F7556}") = "Reminder.Storage.Tests", "Reminder.Storage.Tests\Reminder.Storage.Tests.csproj", "{F71DC8C1-0F47-4D8A-A863-04AD74DA7370}"
EndProject
Project("{9A19103F-16F7-4668-BE54-9A1E7A4F7556}") = "Reminder", "Reminder\Reminder.csproj", "{9BEC4346-B862-467A-9789-4288B3157A55}"
EndProject
Project("{FAE04EC0-301F-11D3-BF4B-00C04F79EFBC}") = "Reminder.Receiver", "Reminder.Receiver\Reminder.Receiver.csproj", "{E713ED12-1B07-4186-8BF4-C684D6FF41E5}"
EndProject
Project("{FAE04EC0-301F-11D3-BF4B-00C04F79EFBC}") = "Reminder.Sender", "Reminder.Sender\Reminder.Sender.csproj", "{5A9DA003-BBE1-4C8B-96C0-B5F9D4049691}"
EndProject
Global
	GlobalSection(SolutionConfigurationPlatforms) = preSolution
		Debug|Any CPU = Debug|Any CPU
		Release|Any CPU = Release|Any CPU
	EndGlobalSection
	GlobalSection(ProjectConfigurationPlatforms) = postSolution
		{96D6E4CD-5168-48F5-8549-DA7EC4E3591E}.Debug|Any CPU.ActiveCfg = Debug|Any CPU
		{96D6E4CD-5168-48F5-8549-DA7EC4E3591E}.Debug|Any CPU.Build.0 = Debug|Any CPU
		{96D6E4CD-5168-48F5-8549-DA7EC4E3591E}.Release|Any CPU.ActiveCfg = Release|Any CPU
		{96D6E4CD-5168-48F5-8549-DA7EC4E3591E}.Release|Any CPU.Build.0 = Release|Any CPU
		{68419631-235B-4525-971F-F52759FC6E60}.Debug|Any CPU.ActiveCfg = Debug|Any CPU
		{68419631-235B-4525-971F-F52759FC6E60}.Debug|Any CPU.Build.0 = Debug|Any CPU
		{68419631-235B-4525-971F-F52759FC6E60}.Release|Any CPU.ActiveCfg = Release|Any CPU
		{68419631-235B-4525-971F-F52759FC6E60}.Release|Any CPU.Build.0 = Release|Any CPU
		{59FCCC80-CC37-462E-92A8-7F41663784AB}.Debug|Any CPU.ActiveCfg = Debug|Any CPU
		{59FCCC80-CC37-462E-92A8-7F41663784AB}.Debug|Any CPU.Build.0 = Debug|Any CPU
		{59FCCC80-CC37-462E-92A8-7F41663784AB}.Release|Any CPU.ActiveCfg = Release|Any CPU
		{59FCCC80-CC37-462E-92A8-7F41663784AB}.Release|Any CPU.Build.0 = Release|Any CPU
		{48A7D780-80F4-494A-936A-FF35A1688C46}.Debug|Any CPU.ActiveCfg = Debug|Any CPU
		{48A7D780-80F4-494A-936A-FF35A1688C46}.Debug|Any CPU.Build.0 = Debug|Any CPU
		{48A7D780-80F4-494A-936A-FF35A1688C46}.Release|Any CPU.ActiveCfg = Release|Any CPU
		{48A7D780-80F4-494A-936A-FF35A1688C46}.Release|Any CPU.Build.0 = Release|Any CPU
		{F71DC8C1-0F47-4D8A-A863-04AD74DA7370}.Debug|Any CPU.ActiveCfg = Debug|Any CPU
		{F71DC8C1-0F47-4D8A-A863-04AD74DA7370}.Debug|Any CPU.Build.0 = Debug|Any CPU
		{F71DC8C1-0F47-4D8A-A863-04AD74DA7370}.Release|Any CPU.ActiveCfg = Release|Any CPU
		{F71DC8C1-0F47-4D8A-A863-04AD74DA7370}.Release|Any CPU.Build.0 = Release|Any CPU
		{9BEC4346-B862-467A-9789-4288B3157A55}.Debug|Any CPU.ActiveCfg = Debug|Any CPU
		{9BEC4346-B862-467A-9789-4288B3157A55}.Debug|Any CPU.Build.0 = Debug|Any CPU
		{9BEC4346-B862-467A-9789-4288B3157A55}.Release|Any CPU.ActiveCfg = Release|Any CPU
		{9BEC4346-B862-467A-9789-4288B3157A55}.Release|Any CPU.Build.0 = Release|Any CPU
		{E713ED12-1B07-4186-8BF4-C684D6FF41E5}.Debug|Any CPU.ActiveCfg = Debug|Any CPU
		{E713ED12-1B07-4186-8BF4-C684D6FF41E5}.Debug|Any CPU.Build.0 = Debug|Any CPU
		{E713ED12-1B07-4186-8BF4-C684D6FF41E5}.Release|Any CPU.ActiveCfg = Release|Any CPU
		{E713ED12-1B07-4186-8BF4-C684D6FF41E5}.Release|Any CPU.Build.0 = Release|Any CPU
		{5A9DA003-BBE1-4C8B-96C0-B5F9D4049691}.Debug|Any CPU.ActiveCfg = Debug|Any CPU
		{5A9DA003-BBE1-4C8B-96C0-B5F9D4049691}.Debug|Any CPU.Build.0 = Debug|Any CPU
		{5A9DA003-BBE1-4C8B-96C0-B5F9D4049691}.Release|Any CPU.ActiveCfg = Release|Any CPU
		{5A9DA003-BBE1-4C8B-96C0-B5F9D4049691}.Release|Any CPU.Build.0 = Release|Any CPU
	EndGlobalSection
	GlobalSection(SolutionProperties) = preSolution
		HideSolutionNode = FALSE
	EndGlobalSection
	GlobalSection(ExtensibilityGlobals) = postSolution
		SolutionGuid = {5A477836-2A65-4A9D-95B5-35CC653F73A4}
	EndGlobalSection
EndGlobal
