
Microsoft Visual Studio Solution File, Format Version 12.00
# Visual Studio Version 16
VisualStudioVersion = 16.0.29911.84
MinimumVisualStudioVersion = 10.0.40219.1
Project("{FAE04EC0-301F-11D3-BF4B-00C04F79EFBC}") = "ClassWork3JSH", "ClassWork3JSH\ClassWork3JSH.csproj", "{66D2AD6E-2BEA-4F5F-995B-A8A13DA3C28E}"
EndProject
Global
	GlobalSection(SolutionConfigurationPlatforms) = preSolution
		Debug|Any CPU = Debug|Any CPU
		Release|Any CPU = Release|Any CPU
	EndGlobalSection
	GlobalSection(ProjectConfigurationPlatforms) = postSolution
		{66D2AD6E-2BEA-4F5F-995B-A8A13DA3C28E}.Debug|Any CPU.ActiveCfg = Debug|Any CPU
		{66D2AD6E-2BEA-4F5F-995B-A8A13DA3C28E}.Debug|Any CPU.Build.0 = Debug|Any CPU
		{66D2AD6E-2BEA-4F5F-995B-A8A13DA3C28E}.Release|Any CPU.ActiveCfg = Release|Any CPU
		{66D2AD6E-2BEA-4F5F-995B-A8A13DA3C28E}.Release|Any CPU.Build.0 = Release|Any CPU
	EndGlobalSection
	GlobalSection(SolutionProperties) = preSolution
		HideSolutionNode = FALSE
	EndGlobalSection
	GlobalSection(ExtensibilityGlobals) = postSolution
		SolutionGuid = {98121861-71EB-4E1F-B61C-9BEDA7F750EB}
	EndGlobalSection
EndGlobal
